// !$*UTF8*$!
{
	archiveVersion = 1;
	classes = {
	};
	objectVersion = 46;
	objects = {

/* Begin PBXBuildFile section */
		8599C3541D1A790900EC0E51 /* main.m in Sources */ = {isa = PBXBuildFile; fileRef = 8599C3531D1A790900EC0E51 /* main.m */; };
		8599C3571D1A790900EC0E51 /* AppDelegate.m in Sources */ = {isa = PBXBuildFile; fileRef = 8599C3561D1A790900EC0E51 /* AppDelegate.m */; };
		8599C35A1D1A790900EC0E51 /* ViewController.m in Sources */ = {isa = PBXBuildFile; fileRef = 8599C3591D1A790900EC0E51 /* ViewController.m */; };
		8599C35D1D1A790900EC0E51 /* Main.storyboard in Resources */ = {isa = PBXBuildFile; fileRef = 8599C35B1D1A790900EC0E51 /* Main.storyboard */; };
		8599C35F1D1A790900EC0E51 /* Assets.xcassets in Resources */ = {isa = PBXBuildFile; fileRef = 8599C35E1D1A790900EC0E51 /* Assets.xcassets */; };
		8599C3621D1A790900EC0E51 /* LaunchScreen.storyboard in Resources */ = {isa = PBXBuildFile; fileRef = 8599C3601D1A790900EC0E51 /* LaunchScreen.storyboard */; };
		8599C3711D1A838B00EC0E51 /* JMWeiChatPhotoBrower.m in Sources */ = {isa = PBXBuildFile; fileRef = 8599C3701D1A838B00EC0E51 /* JMWeiChatPhotoBrower.m */; };
		8599C3741D1A839D00EC0E51 /* BackGroudView.m in Sources */ = {isa = PBXBuildFile; fileRef = 8599C3731D1A839D00EC0E51 /* BackGroudView.m */; };
		E92B701990A8F6205FDBB36E /* libPods-weichatImageBrowse.a in Frameworks */ = {isa = PBXBuildFile; fileRef = 58793A3DC374A711FCB74E40 /* libPods-weichatImageBrowse.a */; };
/* End PBXBuildFile section */

/* Begin PBXFileReference section */
		1D62DE9EB3E68C449B455539 /* Pods-weichatImageBrowse.release.xcconfig */ = {isa = PBXFileReference; includeInIndex = 1; lastKnownFileType = text.xcconfig; name = "Pods-weichatImageBrowse.release.xcconfig"; path = "Pods/Target Support Files/Pods-weichatImageBrowse/Pods-weichatImageBrowse.release.xcconfig"; sourceTree = "<group>"; };
		58793A3DC374A711FCB74E40 /* libPods-weichatImageBrowse.a */ = {isa = PBXFileReference; explicitFileType = archive.ar; includeInIndex = 0; path = "libPods-weichatImageBrowse.a"; sourceTree = BUILT_PRODUCTS_DIR; };
		6C502B24EFF790BBBEBD110E /* Pods-weichatImageBrowse.debug.xcconfig */ = {isa = PBXFileReference; includeInIndex = 1; lastKnownFileType = text.xcconfig; name = "Pods-weichatImageBrowse.debug.xcconfig"; path = "Pods/Target Support Files/Pods-weichatImageBrowse/Pods-weichatImageBrowse.debug.xcconfig"; sourceTree = "<group>"; };
		8599C34F1D1A790900EC0E51 /* weichatImageBrowse.app */ = {isa = PBXFileReference; explicitFileType = wrapper.application; includeInIndex = 0; path = weichatImageBrowse.app; sourceTree = BUILT_PRODUCTS_DIR; };
		8599C3531D1A790900EC0E51 /* main.m */ = {isa = PBXFileReference; lastKnownFileType = sourcecode.c.objc; path = main.m; sourceTree = "<group>"; };
		8599C3551D1A790900EC0E51 /* AppDelegate.h */ = {isa = PBXFileReference; lastKnownFileType = sourcecode.c.h; path = AppDelegate.h; sourceTree = "<group>"; };
		8599C3561D1A790900EC0E51 /* AppDelegate.m */ = {isa = PBXFileReference; lastKnownFileType = sourcecode.c.objc; path = AppDelegate.m; sourceTree = "<group>"; };
		8599C3581D1A790900EC0E51 /* ViewController.h */ = {isa = PBXFileReference; lastKnownFileType = sourcecode.c.h; path = ViewController.h; sourceTree = "<group>"; };
		8599C3591D1A790900EC0E51 /* ViewController.m */ = {isa = PBXFileReference; lastKnownFileType = sourcecode.c.objc; path = ViewController.m; sourceTree = "<group>"; };
		8599C35C1D1A790900EC0E51 /* Base */ = {isa = PBXFileReference; lastKnownFileType = file.storyboard; name = Base; path = Base.lproj/Main.storyboard; sourceTree = "<group>"; };
		8599C35E1D1A790900EC0E51 /* Assets.xcassets */ = {isa = PBXFileReference; lastKnownFileType = folder.assetcatalog; path = Assets.xcassets; sourceTree = "<group>"; };
		8599C3611D1A790900EC0E51 /* Base */ = {isa = PBXFileReference; lastKnownFileType = file.storyboard; name = Base; path = Base.lproj/LaunchScreen.storyboard; sourceTree = "<group>"; };
		8599C3631D1A790900EC0E51 /* Info.plist */ = {isa = PBXFileReference; lastKnownFileType = text.plist.xml; path = Info.plist; sourceTree = "<group>"; };
		8599C36F1D1A838B00EC0E51 /* JMWeiChatPhotoBrower.h */ = {isa = PBXFileReference; fileEncoding = 4; lastKnownFileType = sourcecode.c.h; path = JMWeiChatPhotoBrower.h; sourceTree = "<group>"; };
		8599C3701D1A838B00EC0E51 /* JMWeiChatPhotoBrower.m */ = {isa = PBXFileReference; fileEncoding = 4; lastKnownFileType = sourcecode.c.objc; path = JMWeiChatPhotoBrower.m; sourceTree = "<group>"; };
		8599C3721D1A839D00EC0E51 /* BackGroudView.h */ = {isa = PBXFileReference; fileEncoding = 4; lastKnownFileType = sourcecode.c.h; path = BackGroudView.h; sourceTree = "<group>"; };
		8599C3731D1A839D00EC0E51 /* BackGroudView.m */ = {isa = PBXFileReference; fileEncoding = 4; lastKnownFileType = sourcecode.c.objc; path = BackGroudView.m; sourceTree = "<group>"; };
/* End PBXFileReference section */

/* Begin PBXFrameworksBuildPhase section */
		8599C34C1D1A790900EC0E51 /* Frameworks */ = {
			isa = PBXFrameworksBuildPhase;
			buildActionMask = 2147483647;
			files = (
				E92B701990A8F6205FDBB36E /* libPods-weichatImageBrowse.a in Frameworks */,
			);
			runOnlyForDeploymentPostprocessing = 0;
		};
/* End PBXFrameworksBuildPhase section */

/* Begin PBXGroup section */
		34230D4A7383585FCDABBFE0 /* Frameworks */ = {
			isa = PBXGroup;
			children = (
				58793A3DC374A711FCB74E40 /* libPods-weichatImageBrowse.a */,
			);
			name = Frameworks;
			sourceTree = "<group>";
		};
		60C82FE14115B39A95302725 /* Pods */ = {
			isa = PBXGroup;
			children = (
				6C502B24EFF790BBBEBD110E /* Pods-weichatImageBrowse.debug.xcconfig */,
				1D62DE9EB3E68C449B455539 /* Pods-weichatImageBrowse.release.xcconfig */,
			);
			name = Pods;
			sourceTree = "<group>";
		};
		8599C3461D1A790900EC0E51 = {
			isa = PBXGroup;
			children = (
				8599C3511D1A790900EC0E51 /* weichatImageBrowse */,
				8599C3501D1A790900EC0E51 /* Products */,
				60C82FE14115B39A95302725 /* Pods */,
				34230D4A7383585FCDABBFE0 /* Frameworks */,
			);
			sourceTree = "<group>";
		};
		8599C3501D1A790900EC0E51 /* Products */ = {
			isa = PBXGroup;
			children = (
				8599C34F1D1A790900EC0E51 /* weichatImageBrowse.app */,
			);
			name = Products;
			sourceTree = "<group>";
		};
		8599C3511D1A790900EC0E51 /* weichatImageBrowse */ = {
			isa = PBXGroup;
			children = (
				8599C36F1D1A838B00EC0E51 /* JMWeiChatPhotoBrower.h */,
				8599C3701D1A838B00EC0E51 /* JMWeiChatPhotoBrower.m */,
				8599C3721D1A839D00EC0E51 /* BackGroudView.h */,
				8599C3731D1A839D00EC0E51 /* BackGroudView.m */,
				8599C3551D1A790900EC0E51 /* AppDelegate.h */,
				8599C3561D1A790900EC0E51 /* AppDelegate.m */,
				8599C3581D1A790900EC0E51 /* ViewController.h */,
				8599C3591D1A790900EC0E51 /* ViewController.m */,
				8599C35B1D1A790900EC0E51 /* Main.storyboard */,
				8599C35E1D1A790900EC0E51 /* Assets.xcassets */,
				8599C3601D1A790900EC0E51 /* LaunchScreen.storyboard */,
				8599C3631D1A790900EC0E51 /* Info.plist */,
				8599C3521D1A790900EC0E51 /* Supporting Files */,
			);
			path = weichatImageBrowse;
			sourceTree = "<group>";
		};
		8599C3521D1A790900EC0E51 /* Supporting Files */ = {
			isa = PBXGroup;
			children = (
				8599C3531D1A790900EC0E51 /* main.m */,
			);
			name = "Supporting Files";
			sourceTree = "<group>";
		};
/* End PBXGroup section */

/* Begin PBXNativeTarget section */
		8599C34E1D1A790900EC0E51 /* weichatImageBrowse */ = {
			isa = PBXNativeTarget;
			buildConfigurationList = 8599C3661D1A790900EC0E51 /* Build configuration list for PBXNativeTarget "weichatImageBrowse" */;
			buildPhases = (
				8A5CADF3E35E138D19F063F0 /* 📦 Check Pods Manifest.lock */,
				8599C34B1D1A790900EC0E51 /* Sources */,
				8599C34C1D1A790900EC0E51 /* Frameworks */,
				8599C34D1D1A790900EC0E51 /* Resources */,
				A98A2FC5696F7E077AED8BB3 /* 📦 Embed Pods Frameworks */,
				A7993D2DC4BE6364C11079A5 /* 📦 Copy Pods Resources */,
			);
			buildRules = (
			);
			dependencies = (
			);
			name = weichatImageBrowse;
			productName = weichatImageBrowse;
			productReference = 8599C34F1D1A790900EC0E51 /* weichatImageBrowse.app */;
			productType = "com.apple.product-type.application";
		};
/* End PBXNativeTarget section */

/* Begin PBXProject section */
		8599C3471D1A790900EC0E51 /* Project object */ = {
			isa = PBXProject;
			attributes = {
				LastUpgradeCheck = 0730;
				ORGANIZATIONNAME = "cloud.wood-group";
				TargetAttributes = {
					8599C34E1D1A790900EC0E51 = {
						CreatedOnToolsVersion = 7.3;
					};
				};
			};
			buildConfigurationList = 8599C34A1D1A790900EC0E51 /* Build configuration list for PBXProject "weichatImageBrowse" */;
			compatibilityVersion = "Xcode 3.2";
			developmentRegion = English;
			hasScannedForEncodings = 0;
			knownRegions = (
				en,
				Base,
			);
			mainGroup = 8599C3461D1A790900EC0E51;
			productRefGroup = 8599C3501D1A790900EC0E51 /* Products */;
			projectDirPath = "";
			projectRoot = "";
			targets = (
				8599C34E1D1A790900EC0E51 /* weichatImageBrowse */,
			);
		};
/* End PBXProject section */

/* Begin PBXResourcesBuildPhase section */
		8599C34D1D1A790900EC0E51 /* Resources */ = {
			isa = PBXResourcesBuildPhase;
			buildActionMask = 2147483647;
			files = (
				8599C3621D1A790900EC0E51 /* LaunchScreen.storyboard in Resources */,
				8599C35F1D1A790900EC0E51 /* Assets.xcassets in Resources */,
				8599C35D1D1A790900EC0E51 /* Main.storyboard in Resources */,
			);
			runOnlyForDeploymentPostprocessing = 0;
		};
/* End PBXResourcesBuildPhase section */

/* Begin PBXShellScriptBuildPhase section */
		8A5CADF3E35E138D19F063F0 /* 📦 Check Pods Manifest.lock */ = {
			isa = PBXShellScriptBuildPhase;
			buildActionMask = 2147483647;
			files = (
			);
			inputPaths = (
			);
			name = "📦 Check Pods Manifest.lock";
			outputPaths = (
			);
			runOnlyForDeploymentPostprocessing = 0;
			shellPath = /bin/sh;
			shellScript = "diff \"${PODS_ROOT}/../Podfile.lock\" \"${PODS_ROOT}/Manifest.lock\" > /dev/null\nif [[ $? != 0 ]] ; then\n    cat << EOM\nerror: The sandbox is not in sync with the Podfile.lock. Run 'pod install' or update your CocoaPods installation.\nEOM\n    exit 1\nfi\n";
			showEnvVarsInLog = 0;
		};
		A7993D2DC4BE6364C11079A5 /* 📦 Copy Pods Resources */ = {
			isa = PBXShellScriptBuildPhase;
			buildActionMask = 2147483647;
			files = (
			);
			inputPaths = (
			);
			name = "📦 Copy Pods Resources";
			outputPaths = (
			);
			runOnlyForDeploymentPostprocessing = 0;
			shellPath = /bin/sh;
			shellScript = "\"${SRCROOT}/Pods/Target Support Files/Pods-weichatImageBrowse/Pods-weichatImageBrowse-resources.sh\"\n";
			showEnvVarsInLog = 0;
		};
		A98A2FC5696F7E077AED8BB3 /* 📦 Embed Pods Frameworks */ = {
			isa = PBXShellScriptBuildPhase;
			buildActionMask = 2147483647;
			files = (
			);
			inputPaths = (
			);
			name = "📦 Embed Pods Frameworks";
			outputPaths = (
			);
			runOnlyForDeploymentPostprocessing = 0;
			shellPath = /bin/sh;
			shellScript = "\"${SRCROOT}/Pods/Target Support Files/Pods-weichatImageBrowse/Pods-weichatImageBrowse-frameworks.sh\"\n";
			showEnvVarsInLog = 0;
		};
/* End PBXShellScriptBuildPhase section */

/* Begin PBXSourcesBuildPhase section */
		8599C34B1D1A790900EC0E51 /* Sources */ = {
			isa = PBXSourcesBuildPhase;
			buildActionMask = 2147483647;
			files = (
				8599C3741D1A839D00EC0E51 /* BackGroudView.m in Sources */,
				8599C3711D1A838B00EC0E51 /* JMWeiChatPhotoBrower.m in Sources */,
				8599C35A1D1A790900EC0E51 /* ViewController.m in Sources */,
				8599C3571D1A790900EC0E51 /* AppDelegate.m in Sources */,
				8599C3541D1A790900EC0E51 /* main.m in Sources */,
			);
			runOnlyForDeploymentPostprocessing = 0;
		};
/* End PBXSourcesBuildPhase section */

/* Begin PBXVariantGroup section */
		8599C35B1D1A790900EC0E51 /* Main.storyboard */ = {
			isa = PBXVariantGroup;
			children = (
				8599C35C1D1A790900EC0E51 /* Base */,
			);
			name = Main.storyboard;
			sourceTree = "<group>";
		};
		8599C3601D1A790900EC0E51 /* LaunchScreen.storyboard */ = {
			isa = PBXVariantGroup;
			children = (
				8599C3611D1A790900EC0E51 /* Base */,
			);
			name = LaunchScreen.storyboard;
			sourceTree = "<group>";
		};
/* End PBXVariantGroup section */

/* Begin XCBuildConfiguration section */
		8599C3641D1A790900EC0E51 /* Debug */ = {
			isa = XCBuildConfiguration;
			buildSettings = {
				ALWAYS_SEARCH_USER_PATHS = NO;
				CLANG_ANALYZER_NONNULL = YES;
				CLANG_CXX_LANGUAGE_STANDARD = "gnu++0x";
				CLANG_CXX_LIBRARY = "libc++";
				CLANG_ENABLE_MODULES = YES;
				CLANG_ENABLE_OBJC_ARC = YES;
				CLANG_WARN_BOOL_CONVERSION = YES;
				CLANG_WARN_CONSTANT_CONVERSION = YES;
				CLANG_WARN_DIRECT_OBJC_ISA_USAGE = YES_ERROR;
				CLANG_WARN_EMPTY_BODY = YES;
				CLANG_WARN_ENUM_CONVERSION = YES;
				CLANG_WARN_INT_CONVERSION = YES;
				CLANG_WARN_OBJC_ROOT_CLASS = YES_ERROR;
				CLANG_WARN_UNREACHABLE_CODE = YES;
				CLANG_WARN__DUPLICATE_METHOD_MATCH = YES;
				"CODE_SIGN_IDENTITY[sdk=iphoneos*]" = "iPhone Developer";
				COPY_PHASE_STRIP = NO;
				DEBUG_INFORMATION_FORMAT = dwarf;
				ENABLE_STRICT_OBJC_MSGSEND = YES;
				ENABLE_TESTABILITY = YES;
				GCC_C_LANGUAGE_STANDARD = gnu99;
				GCC_DYNAMIC_NO_PIC = NO;
				GCC_NO_COMMON_BLOCKS = YES;
				GCC_OPTIMIZATION_LEVEL = 0;
				GCC_PREPROCESSOR_DEFINITIONS = (
					"DEBUG=1",
					"$(inherited)",
				);
				GCC_WARN_64_TO_32_BIT_CONVERSION = YES;
				GCC_WARN_ABOUT_RETURN_TYPE = YES_ERROR;
				GCC_WARN_UNDECLARED_SELECTOR = YES;
				GCC_WARN_UNINITIALIZED_AUTOS = YES_AGGRESSIVE;
				GCC_WARN_UNUSED_FUNCTION = YES;
				GCC_WARN_UNUSED_VARIABLE = YES;
				IPHONEOS_DEPLOYMENT_TARGET = 9.3;
				MTL_ENABLE_DEBUG_INFO = YES;
				ONLY_ACTIVE_ARCH = YES;
				SDKROOT = iphoneos;
			};
			name = Debug;
		};
		8599C3651D1A790900EC0E51 /* Release */ = {
			isa = XCBuildConfiguration;
			buildSettings = {
				ALWAYS_SEARCH_USER_PATHS = NO;
				CLANG_ANALYZER_NONNULL = YES;
				CLANG_CXX_LANGUAGE_STANDARD = "gnu++0x";
				CLANG_CXX_LIBRARY = "libc++";
				CLANG_ENABLE_MODULES = YES;
				CLANG_ENABLE_OBJC_ARC = YES;
				CLANG_WARN_BOOL_CONVERSION = YES;
				CLANG_WARN_CONSTANT_CONVERSION = YES;
				CLANG_WARN_DIRECT_OBJC_ISA_USAGE = YES_ERROR;
				CLANG_WARN_EMPTY_BODY = YES;
				CLANG_WARN_ENUM_CONVERSION = YES;
				CLANG_WARN_INT_CONVERSION = YES;
				CLANG_WARN_OBJC_ROOT_CLASS = YES_ERROR;
				CLANG_WARN_UNREACHABLE_CODE = YES;
				CLANG_WARN__DUPLICATE_METHOD_MATCH = YES;
				"CODE_SIGN_IDENTITY[sdk=iphoneos*]" = "iPhone Developer";
				COPY_PHASE_STRIP = NO;
				DEBUG_INFORMATION_FORMAT = "dwarf-with-dsym";
				ENABLE_NS_ASSERTIONS = NO;
				ENABLE_STRICT_OBJC_MSGSEND = YES;
				GCC_C_LANGUAGE_STANDARD = gnu99;
				GCC_NO_COMMON_BLOCKS = YES;
				GCC_WARN_64_TO_32_BIT_CONVERSION = YES;
				GCC_WARN_ABOUT_RETURN_TYPE = YES_ERROR;
				GCC_WARN_UNDECLARED_SELECTOR = YES;
				GCC_WARN_UNINITIALIZED_AUTOS = YES_AGGRESSIVE;
				GCC_WARN_UNUSED_FUNCTION = YES;
				GCC_WARN_UNUSED_VARIABLE = YES;
				IPHONEOS_DEPLOYMENT_TARGET = 9.3;
				MTL_ENABLE_DEBUG_INFO = NO;
				SDKROOT = iphoneos;
				VALIDATE_PRODUCT = YES;
			};
			name = Release;
		};
		8599C3671D1A790900EC0E51 /* Debug */ = {
			isa = XCBuildConfiguration;
			baseConfigurationReference = 6C502B24EFF790BBBEBD110E /* Pods-weichatImageBrowse.debug.xcconfig */;
			buildSettings = {
				ASSETCATALOG_COMPILER_APPICON_NAME = AppIcon;
				INFOPLIST_FILE = weichatImageBrowse/Info.plist;
				IPHONEOS_DEPLOYMENT_TARGET = 8.0;
				LD_RUNPATH_SEARCH_PATHS = "$(inherited) @executable_path/Frameworks";
				PRODUCT_BUNDLE_IDENTIFIER = "cloud.wood-group.cn.weichatImageBrowse";
				PRODUCT_NAME = "$(TARGET_NAME)";
			};
			name = Debug;
		};
		8599C3681D1A790900EC0E51 /* Release */ = {
			isa = XCBuildConfiguration;
			baseConfigurationReference = 1D62DE9EB3E68C449B455539 /* Pods-weichatImageBrowse.release.xcconfig */;
			buildSettings = {
				ASSETCATALOG_COMPILER_APPICON_NAME = AppIcon;
				INFOPLIST_FILE = weichatImageBrowse/Info.plist;
				IPHONEOS_DEPLOYMENT_TARGET = 8.0;
				LD_RUNPATH_SEARCH_PATHS = "$(inherited) @executable_path/Frameworks";
				PRODUCT_BUNDLE_IDENTIFIER = "cloud.wood-group.cn.weichatImageBrowse";
				PRODUCT_NAME = "$(TARGET_NAME)";
			};
			name = Release;
		};
/* End XCBuildConfiguration section */

/* Begin XCConfigurationList section */
		8599C34A1D1A790900EC0E51 /* Build configuration list for PBXProject "weichatImageBrowse" */ = {
			isa = XCConfigurationList;
			buildConfigurations = (
				8599C3641D1A790900EC0E51 /* Debug */,
				8599C3651D1A790900EC0E51 /* Release */,
			);
			defaultConfigurationIsVisible = 0;
			defaultConfigurationName = Release;
		};
		8599C3661D1A790900EC0E51 /* Build configuration list for PBXNativeTarget "weichatImageBrowse" */ = {
			isa = XCConfigurationList;
			buildConfigurations = (
				8599C3671D1A790900EC0E51 /* Debug */,
				8599C3681D1A790900EC0E51 /* Release */,
			);
			defaultConfigurationIsVisible = 0;
			defaultConfigurationName = Release;
		};
/* End XCConfigurationList section */
	};
	rootObject = 8599C3471D1A790900EC0E51 /* Project object */;
}
